
Microsoft Visual Studio Solution File, Format Version 12.00
# Visual Studio Version 18
VisualStudioVersion = 18.0.11012.119 d18.0
MinimumVisualStudioVersion = 10.0.40219.1
Project("{FAE04EC0-301F-11D3-BF4B-00C04F79EFBC}") = "GameEntry", "src\GameEntry.csproj", "{06376245-9B30-FD8D-2F21-DB426487B879}"
EndProject
Global
	GlobalSection(SolutionConfigurationPlatforms) = preSolution
		Client-Debug|Any CPU = Client-Debug|Any CPU
		Client-Release|Any CPU = Client-Release|Any CPU
		Client-Resource|Any CPU = Client-Resource|Any CPU
		Server-Debug|Any CPU = Server-Debug|Any CPU
		Server-Release|Any CPU = Server-Release|Any CPU
	EndGlobalSection
	GlobalSection(ProjectConfigurationPlatforms) = postSolution
		{06376245-9B30-FD8D-2F21-DB426487B879}.Client-Debug|Any CPU.ActiveCfg = Client-Debug|Any CPU
		{06376245-9B30-FD8D-2F21-DB426487B879}.Client-Debug|Any CPU.Build.0 = Client-Debug|Any CPU
		{06376245-9B30-FD8D-2F21-DB426487B879}.Client-Release|Any CPU.ActiveCfg = Client-Release|Any CPU
		{06376245-9B30-FD8D-2F21-DB426487B879}.Client-Release|Any CPU.Build.0 = Client-Release|Any CPU
		{06376245-9B30-FD8D-2F21-DB426487B879}.Client-Resource|Any CPU.ActiveCfg = Client-Resource|Any CPU
		{06376245-9B30-FD8D-2F21-DB426487B879}.Client-Resource|Any CPU.Build.0 = Client-Resource|Any CPU
		{06376245-9B30-FD8D-2F21-DB426487B879}.Server-Debug|Any CPU.ActiveCfg = Server-Debug|Any CPU
		{06376245-9B30-FD8D-2F21-DB426487B879}.Server-Debug|Any CPU.Build.0 = Server-Debug|Any CPU
		{06376245-9B30-FD8D-2F21-DB426487B879}.Server-Release|Any CPU.ActiveCfg = Server-Release|Any CPU
		{06376245-9B30-FD8D-2F21-DB426487B879}.Server-Release|Any CPU.Build.0 = Server-Release|Any CPU
	EndGlobalSection
	GlobalSection(SolutionProperties) = preSolution
		HideSolutionNode = FALSE
	EndGlobalSection
	GlobalSection(ExtensibilityGlobals) = postSolution
		SolutionGuid = {5A0D01A4-CC90-401A-8962-529DBE0BCFEB}
	EndGlobalSection
EndGlobal
